// !$*UTF8*$!
{
	archiveVersion = 1;
	classes = {
	};
	objectVersion = 46;
	objects = {

/* Begin PBXBuildFile section */
		6840F9881D5AC61900C5BAD8 /* main.m in Sources */ = {isa = PBXBuildFile; fileRef = 6840F9871D5AC61900C5BAD8 /* main.m */; };
		6840F98B1D5AC61900C5BAD8 /* AppDelegate.m in Sources */ = {isa = PBXBuildFile; fileRef = 6840F98A1D5AC61900C5BAD8 /* AppDelegate.m */; };
		6840F98E1D5AC61900C5BAD8 /* ViewController.m in Sources */ = {isa = PBXBuildFile; fileRef = 6840F98D1D5AC61900C5BAD8 /* ViewController.m */; };
		6840F9911D5AC61900C5BAD8 /* Main.storyboard in Resources */ = {isa = PBXBuildFile; fileRef = 6840F98F1D5AC61900C5BAD8 /* Main.storyboard */; };
		6840F9931D5AC61900C5BAD8 /* Assets.xcassets in Resources */ = {isa = PBXBuildFile; fileRef = 6840F9921D5AC61900C5BAD8 /* Assets.xcassets */; };
		6840F9961D5AC61900C5BAD8 /* LaunchScreen.storyboard in Resources */ = {isa = PBXBuildFile; fileRef = 6840F9941D5AC61900C5BAD8 /* LaunchScreen.storyboard */; };
		6840F9A11D5AC61900C5BAD8 /* SearchBarTests.m in Sources */ = {isa = PBXBuildFile; fileRef = 6840F9A01D5AC61900C5BAD8 /* SearchBarTests.m */; };
		6840F9AC1D5AC61900C5BAD8 /* SearchBarUITests.m in Sources */ = {isa = PBXBuildFile; fileRef = 6840F9AB1D5AC61900C5BAD8 /* SearchBarUITests.m */; };
		6840F9BB1D5AC7D600C5BAD8 /* SearchResultViewController.m in Sources */ = {isa = PBXBuildFile; fileRef = 6840F9BA1D5AC7D600C5BAD8 /* SearchResultViewController.m */; };
		6840F9BD1D5AD52F00C5BAD8 /* search.png in Resources */ = {isa = PBXBuildFile; fileRef = 6840F9BC1D5AD52F00C5BAD8 /* search.png */; };
		6840F9BF1D5AD6CF00C5BAD8 /* last.png in Resources */ = {isa = PBXBuildFile; fileRef = 6840F9BE1D5AD6CF00C5BAD8 /* last.png */; };
/* End PBXBuildFile section */

/* Begin PBXContainerItemProxy section */
		6840F99D1D5AC61900C5BAD8 /* PBXContainerItemProxy */ = {
			isa = PBXContainerItemProxy;
			containerPortal = 6840F97B1D5AC61900C5BAD8 /* Project object */;
			proxyType = 1;
			remoteGlobalIDString = 6840F9821D5AC61900C5BAD8;
			remoteInfo = SearchBar;
		};
		6840F9A81D5AC61900C5BAD8 /* PBXContainerItemProxy */ = {
			isa = PBXContainerItemProxy;
			containerPortal = 6840F97B1D5AC61900C5BAD8 /* Project object */;
			proxyType = 1;
			remoteGlobalIDString = 6840F9821D5AC61900C5BAD8;
			remoteInfo = SearchBar;
		};
/* End PBXContainerItemProxy section */

/* Begin PBXFileReference section */
		6840F9831D5AC61900C5BAD8 /* SearchBar.app */ = {isa = PBXFileReference; explicitFileType = wrapper.application; includeInIndex = 0; path = SearchBar.app; sourceTree = BUILT_PRODUCTS_DIR; };
		6840F9871D5AC61900C5BAD8 /* main.m */ = {isa = PBXFileReference; lastKnownFileType = sourcecode.c.objc; path = main.m; sourceTree = "<group>"; };
		6840F9891D5AC61900C5BAD8 /* AppDelegate.h */ = {isa = PBXFileReference; lastKnownFileType = sourcecode.c.h; path = AppDelegate.h; sourceTree = "<group>"; };
		6840F98A1D5AC61900C5BAD8 /* AppDelegate.m */ = {isa = PBXFileReference; lastKnownFileType = sourcecode.c.objc; path = AppDelegate.m; sourceTree = "<group>"; };
		6840F98C1D5AC61900C5BAD8 /* ViewController.h */ = {isa = PBXFileReference; lastKnownFileType = sourcecode.c.h; path = ViewController.h; sourceTree = "<group>"; };
		6840F98D1D5AC61900C5BAD8 /* ViewController.m */ = {isa = PBXFileReference; lastKnownFileType = sourcecode.c.objc; path = ViewController.m; sourceTree = "<group>"; };
		6840F9901D5AC61900C5BAD8 /* Base */ = {isa = PBXFileReference; lastKnownFileType = file.storyboard; name = Base; path = Base.lproj/Main.storyboard; sourceTree = "<group>"; };
		6840F9921D5AC61900C5BAD8 /* Assets.xcassets */ = {isa = PBXFileReference; lastKnownFileType = folder.assetcatalog; path = Assets.xcassets; sourceTree = "<group>"; };
		6840F9951D5AC61900C5BAD8 /* Base */ = {isa = PBXFileReference; lastKnownFileType = file.storyboard; name = Base; path = Base.lproj/LaunchScreen.storyboard; sourceTree = "<group>"; };
		6840F9971D5AC61900C5BAD8 /* Info.plist */ = {isa = PBXFileReference; lastKnownFileType = text.plist.xml; path = Info.plist; sourceTree = "<group>"; };
		6840F99C1D5AC61900C5BAD8 /* SearchBarTests.xctest */ = {isa = PBXFileReference; explicitFileType = wrapper.cfbundle; includeInIndex = 0; path = SearchBarTests.xctest; sourceTree = BUILT_PRODUCTS_DIR; };
		6840F9A01D5AC61900C5BAD8 /* SearchBarTests.m */ = {isa = PBXFileReference; lastKnownFileType = sourcecode.c.objc; path = SearchBarTests.m; sourceTree = "<group>"; };
		6840F9A21D5AC61900C5BAD8 /* Info.plist */ = {isa = PBXFileReference; lastKnownFileType = text.plist.xml; path = Info.plist; sourceTree = "<group>"; };
		6840F9A71D5AC61900C5BAD8 /* SearchBarUITests.xctest */ = {isa = PBXFileReference; explicitFileType = wrapper.cfbundle; includeInIndex = 0; path = SearchBarUITests.xctest; sourceTree = BUILT_PRODUCTS_DIR; };
		6840F9AB1D5AC61900C5BAD8 /* SearchBarUITests.m */ = {isa = PBXFileReference; lastKnownFileType = sourcecode.c.objc; path = SearchBarUITests.m; sourceTree = "<group>"; };
		6840F9AD1D5AC61900C5BAD8 /* Info.plist */ = {isa = PBXFileReference; lastKnownFileType = text.plist.xml; path = Info.plist; sourceTree = "<group>"; };
		6840F9B91D5AC7D600C5BAD8 /* SearchResultViewController.h */ = {isa = PBXFileReference; fileEncoding = 4; lastKnownFileType = sourcecode.c.h; path = SearchResultViewController.h; sourceTree = "<group>"; };
		6840F9BA1D5AC7D600C5BAD8 /* SearchResultViewController.m */ = {isa = PBXFileReference; fileEncoding = 4; lastKnownFileType = sourcecode.c.objc; path = SearchResultViewController.m; sourceTree = "<group>"; };
		6840F9BC1D5AD52F00C5BAD8 /* search.png */ = {isa = PBXFileReference; lastKnownFileType = image.png; path = search.png; sourceTree = "<group>"; };
		6840F9BE1D5AD6CF00C5BAD8 /* last.png */ = {isa = PBXFileReference; lastKnownFileType = image.png; path = last.png; sourceTree = "<group>"; };
/* End PBXFileReference section */

/* Begin PBXFrameworksBuildPhase section */
		6840F9801D5AC61900C5BAD8 /* Frameworks */ = {
			isa = PBXFrameworksBuildPhase;
			buildActionMask = 2147483647;
			files = (
			);
			runOnlyForDeploymentPostprocessing = 0;
		};
		6840F9991D5AC61900C5BAD8 /* Frameworks */ = {
			isa = PBXFrameworksBuildPhase;
			buildActionMask = 2147483647;
			files = (
			);
			runOnlyForDeploymentPostprocessing = 0;
		};
		6840F9A41D5AC61900C5BAD8 /* Frameworks */ = {
			isa = PBXFrameworksBuildPhase;
			buildActionMask = 2147483647;
			files = (
			);
			runOnlyForDeploymentPostprocessing = 0;
		};
/* End PBXFrameworksBuildPhase section */

/* Begin PBXGroup section */
		6840F97A1D5AC61900C5BAD8 = {
			isa = PBXGroup;
			children = (
				6840F9851D5AC61900C5BAD8 /* SearchBar */,
				6840F99F1D5AC61900C5BAD8 /* SearchBarTests */,
				6840F9AA1D5AC61900C5BAD8 /* SearchBarUITests */,
				6840F9841D5AC61900C5BAD8 /* Products */,
			);
			sourceTree = "<group>";
		};
		6840F9841D5AC61900C5BAD8 /* Products */ = {
			isa = PBXGroup;
			children = (
				6840F9831D5AC61900C5BAD8 /* SearchBar.app */,
				6840F99C1D5AC61900C5BAD8 /* SearchBarTests.xctest */,
				6840F9A71D5AC61900C5BAD8 /* SearchBarUITests.xctest */,
			);
			name = Products;
			sourceTree = "<group>";
		};
		6840F9851D5AC61900C5BAD8 /* SearchBar */ = {
			isa = PBXGroup;
			children = (
				6840F9891D5AC61900C5BAD8 /* AppDelegate.h */,
				6840F98A1D5AC61900C5BAD8 /* AppDelegate.m */,
				6840F98C1D5AC61900C5BAD8 /* ViewController.h */,
				6840F98D1D5AC61900C5BAD8 /* ViewController.m */,
				6840F9B91D5AC7D600C5BAD8 /* SearchResultViewController.h */,
				6840F9BA1D5AC7D600C5BAD8 /* SearchResultViewController.m */,
				6840F9BC1D5AD52F00C5BAD8 /* search.png */,
				6840F9BE1D5AD6CF00C5BAD8 /* last.png */,
				6840F98F1D5AC61900C5BAD8 /* Main.storyboard */,
				6840F9921D5AC61900C5BAD8 /* Assets.xcassets */,
				6840F9941D5AC61900C5BAD8 /* LaunchScreen.storyboard */,
				6840F9971D5AC61900C5BAD8 /* Info.plist */,
				6840F9861D5AC61900C5BAD8 /* Supporting Files */,
			);
			path = SearchBar;
			sourceTree = "<group>";
		};
		6840F9861D5AC61900C5BAD8 /* Supporting Files */ = {
			isa = PBXGroup;
			children = (
				6840F9871D5AC61900C5BAD8 /* main.m */,
			);
			name = "Supporting Files";
			sourceTree = "<group>";
		};
		6840F99F1D5AC61900C5BAD8 /* SearchBarTests */ = {
			isa = PBXGroup;
			children = (
				6840F9A01D5AC61900C5BAD8 /* SearchBarTests.m */,
				6840F9A21D5AC61900C5BAD8 /* Info.plist */,
			);
			path = SearchBarTests;
			sourceTree = "<group>";
		};
		6840F9AA1D5AC61900C5BAD8 /* SearchBarUITests */ = {
			isa = PBXGroup;
			children = (
				6840F9AB1D5AC61900C5BAD8 /* SearchBarUITests.m */,
				6840F9AD1D5AC61900C5BAD8 /* Info.plist */,
			);
			path = SearchBarUITests;
			sourceTree = "<group>";
		};
/* End PBXGroup section */

/* Begin PBXNativeTarget section */
		6840F9821D5AC61900C5BAD8 /* SearchBar */ = {
			isa = PBXNativeTarget;
			buildConfigurationList = 6840F9B01D5AC61900C5BAD8 /* Build configuration list for PBXNativeTarget "SearchBar" */;
			buildPhases = (
				6840F97F1D5AC61900C5BAD8 /* Sources */,
				6840F9801D5AC61900C5BAD8 /* Frameworks */,
				6840F9811D5AC61900C5BAD8 /* Resources */,
			);
			buildRules = (
			);
			dependencies = (
			);
			name = SearchBar;
			productName = SearchBar;
			productReference = 6840F9831D5AC61900C5BAD8 /* SearchBar.app */;
			productType = "com.apple.product-type.application";
		};
		6840F99B1D5AC61900C5BAD8 /* SearchBarTests */ = {
			isa = PBXNativeTarget;
			buildConfigurationList = 6840F9B31D5AC61900C5BAD8 /* Build configuration list for PBXNativeTarget "SearchBarTests" */;
			buildPhases = (
				6840F9981D5AC61900C5BAD8 /* Sources */,
				6840F9991D5AC61900C5BAD8 /* Frameworks */,
				6840F99A1D5AC61900C5BAD8 /* Resources */,
			);
			buildRules = (
			);
			dependencies = (
				6840F99E1D5AC61900C5BAD8 /* PBXTargetDependency */,
			);
			name = SearchBarTests;
			productName = SearchBarTests;
			productReference = 6840F99C1D5AC61900C5BAD8 /* SearchBarTests.xctest */;
			productType = "com.apple.product-type.bundle.unit-test";
		};
		6840F9A61D5AC61900C5BAD8 /* SearchBarUITests */ = {
			isa = PBXNativeTarget;
			buildConfigurationList = 6840F9B61D5AC61900C5BAD8 /* Build configuration list for PBXNativeTarget "SearchBarUITests" */;
			buildPhases = (
				6840F9A31D5AC61900C5BAD8 /* Sources */,
				6840F9A41D5AC61900C5BAD8 /* Frameworks */,
				6840F9A51D5AC61900C5BAD8 /* Resources */,
			);
			buildRules = (
			);
			dependencies = (
				6840F9A91D5AC61900C5BAD8 /* PBXTargetDependency */,
			);
			name = SearchBarUITests;
			productName = SearchBarUITests;
			productReference = 6840F9A71D5AC61900C5BAD8 /* SearchBarUITests.xctest */;
			productType = "com.apple.product-type.bundle.ui-testing";
		};
/* End PBXNativeTarget section */

/* Begin PBXProject section */
		6840F97B1D5AC61900C5BAD8 /* Project object */ = {
			isa = PBXProject;
			attributes = {
				LastUpgradeCheck = 0730;
				ORGANIZATIONNAME = CodingFire;
				TargetAttributes = {
					6840F9821D5AC61900C5BAD8 = {
						CreatedOnToolsVersion = 7.3.1;
					};
					6840F99B1D5AC61900C5BAD8 = {
						CreatedOnToolsVersion = 7.3.1;
						TestTargetID = 6840F9821D5AC61900C5BAD8;
					};
					6840F9A61D5AC61900C5BAD8 = {
						CreatedOnToolsVersion = 7.3.1;
						TestTargetID = 6840F9821D5AC61900C5BAD8;
					};
				};
			};
			buildConfigurationList = 6840F97E1D5AC61900C5BAD8 /* Build configuration list for PBXProject "SearchBar" */;
			compatibilityVersion = "Xcode 3.2";
			developmentRegion = English;
			hasScannedForEncodings = 0;
			knownRegions = (
				en,
				Base,
			);
			mainGroup = 6840F97A1D5AC61900C5BAD8;
			productRefGroup = 6840F9841D5AC61900C5BAD8 /* Products */;
			projectDirPath = "";
			projectRoot = "";
			targets = (
				6840F9821D5AC61900C5BAD8 /* SearchBar */,
				6840F99B1D5AC61900C5BAD8 /* SearchBarTests */,
				6840F9A61D5AC61900C5BAD8 /* SearchBarUITests */,
			);
		};
/* End PBXProject section */

/* Begin PBXResourcesBuildPhase section */
		6840F9811D5AC61900C5BAD8 /* Resources */ = {
			isa = PBXResourcesBuildPhase;
			buildActionMask = 2147483647;
			files = (
				6840F9961D5AC61900C5BAD8 /* LaunchScreen.storyboard in Resources */,
				6840F9BF1D5AD6CF00C5BAD8 /* last.png in Resources */,
				6840F9931D5AC61900C5BAD8 /* Assets.xcassets in Resources */,
				6840F9911D5AC61900C5BAD8 /* Main.storyboard in Resources */,
				6840F9BD1D5AD52F00C5BAD8 /* search.png in Resources */,
			);
			runOnlyForDeploymentPostprocessing = 0;
		};
		6840F99A1D5AC61900C5BAD8 /* Resources */ = {
			isa = PBXResourcesBuildPhase;
			buildActionMask = 2147483647;
			files = (
			);
			runOnlyForDeploymentPostprocessing = 0;
		};
		6840F9A51D5AC61900C5BAD8 /* Resources */ = {
			isa = PBXResourcesBuildPhase;
			buildActionMask = 2147483647;
			files = (
			);
			runOnlyForDeploymentPostprocessing = 0;
		};
/* End PBXResourcesBuildPhase section */

/* Begin PBXSourcesBuildPhase section */
		6840F97F1D5AC61900C5BAD8 /* Sources */ = {
			isa = PBXSourcesBuildPhase;
			buildActionMask = 2147483647;
			files = (
				6840F98E1D5AC61900C5BAD8 /* ViewController.m in Sources */,
				6840F98B1D5AC61900C5BAD8 /* AppDelegate.m in Sources */,
				6840F9881D5AC61900C5BAD8 /* main.m in Sources */,
				6840F9BB1D5AC7D600C5BAD8 /* SearchResultViewController.m in Sources */,
			);
			runOnlyForDeploymentPostprocessing = 0;
		};
		6840F9981D5AC61900C5BAD8 /* Sources */ = {
			isa = PBXSourcesBuildPhase;
			buildActionMask = 2147483647;
			files = (
				6840F9A11D5AC61900C5BAD8 /* SearchBarTests.m in Sources */,
			);
			runOnlyForDeploymentPostprocessing = 0;
		};
		6840F9A31D5AC61900C5BAD8 /* Sources */ = {
			isa = PBXSourcesBuildPhase;
			buildActionMask = 2147483647;
			files = (
				6840F9AC1D5AC61900C5BAD8 /* SearchBarUITests.m in Sources */,
			);
			runOnlyForDeploymentPostprocessing = 0;
		};
/* End PBXSourcesBuildPhase section */

/* Begin PBXTargetDependency section */
		6840F99E1D5AC61900C5BAD8 /* PBXTargetDependency */ = {
			isa = PBXTargetDependency;
			target = 6840F9821D5AC61900C5BAD8 /* SearchBar */;
			targetProxy = 6840F99D1D5AC61900C5BAD8 /* PBXContainerItemProxy */;
		};
		6840F9A91D5AC61900C5BAD8 /* PBXTargetDependency */ = {
			isa = PBXTargetDependency;
			target = 6840F9821D5AC61900C5BAD8 /* SearchBar */;
			targetProxy = 6840F9A81D5AC61900C5BAD8 /* PBXContainerItemProxy */;
		};
/* End PBXTargetDependency section */

/* Begin PBXVariantGroup section */
		6840F98F1D5AC61900C5BAD8 /* Main.storyboard */ = {
			isa = PBXVariantGroup;
			children = (
				6840F9901D5AC61900C5BAD8 /* Base */,
			);
			name = Main.storyboard;
			sourceTree = "<group>";
		};
		6840F9941D5AC61900C5BAD8 /* LaunchScreen.storyboard */ = {
			isa = PBXVariantGroup;
			children = (
				6840F9951D5AC61900C5BAD8 /* Base */,
			);
			name = LaunchScreen.storyboard;
			sourceTree = "<group>";
		};
/* End PBXVariantGroup section */

/* Begin XCBuildConfiguration section */
		6840F9AE1D5AC61900C5BAD8 /* Debug */ = {
			isa = XCBuildConfiguration;
			buildSettings = {
				ALWAYS_SEARCH_USER_PATHS = NO;
				CLANG_ANALYZER_NONNULL = YES;
				CLANG_CXX_LANGUAGE_STANDARD = "gnu++0x";
				CLANG_CXX_LIBRARY = "libc++";
				CLANG_ENABLE_MODULES = YES;
				CLANG_ENABLE_OBJC_ARC = YES;
				CLANG_WARN_BOOL_CONVERSION = YES;
				CLANG_WARN_CONSTANT_CONVERSION = YES;
				CLANG_WARN_DIRECT_OBJC_ISA_USAGE = YES_ERROR;
				CLANG_WARN_EMPTY_BODY = YES;
				CLANG_WARN_ENUM_CONVERSION = YES;
				CLANG_WARN_INT_CONVERSION = YES;
				CLANG_WARN_OBJC_ROOT_CLASS = YES_ERROR;
				CLANG_WARN_UNREACHABLE_CODE = YES;
				CLANG_WARN__DUPLICATE_METHOD_MATCH = YES;
				"CODE_SIGN_IDENTITY[sdk=iphoneos*]" = "iPhone Developer";
				COPY_PHASE_STRIP = NO;
				DEBUG_INFORMATION_FORMAT = dwarf;
				ENABLE_STRICT_OBJC_MSGSEND = YES;
				ENABLE_TESTABILITY = YES;
				GCC_C_LANGUAGE_STANDARD = gnu99;
				GCC_DYNAMIC_NO_PIC = NO;
				GCC_NO_COMMON_BLOCKS = YES;
				GCC_OPTIMIZATION_LEVEL = 0;
				GCC_PREPROCESSOR_DEFINITIONS = (
					"DEBUG=1",
					"$(inherited)",
				);
				GCC_WARN_64_TO_32_BIT_CONVERSION = YES;
				GCC_WARN_ABOUT_RETURN_TYPE = YES_ERROR;
				GCC_WARN_UNDECLARED_SELECTOR = YES;
				GCC_WARN_UNINITIALIZED_AUTOS = YES_AGGRESSIVE;
				GCC_WARN_UNUSED_FUNCTION = YES;
				GCC_WARN_UNUSED_VARIABLE = YES;
				IPHONEOS_DEPLOYMENT_TARGET = 9.3;
				MTL_ENABLE_DEBUG_INFO = YES;
				ONLY_ACTIVE_ARCH = YES;
				SDKROOT = iphoneos;
			};
			name = Debug;
		};
		6840F9AF1D5AC61900C5BAD8 /* Release */ = {
			isa = XCBuildConfiguration;
			buildSettings = {
				ALWAYS_SEARCH_USER_PATHS = NO;
				CLANG_ANALYZER_NONNULL = YES;
				CLANG_CXX_LANGUAGE_STANDARD = "gnu++0x";
				CLANG_CXX_LIBRARY = "libc++";
				CLANG_ENABLE_MODULES = YES;
				CLANG_ENABLE_OBJC_ARC = YES;
				CLANG_WARN_BOOL_CONVERSION = YES;
				CLANG_WARN_CONSTANT_CONVERSION = YES;
				CLANG_WARN_DIRECT_OBJC_ISA_USAGE = YES_ERROR;
				CLANG_WARN_EMPTY_BODY = YES;
				CLANG_WARN_ENUM_CONVERSION = YES;
				CLANG_WARN_INT_CONVERSION = YES;
				CLANG_WARN_OBJC_ROOT_CLASS = YES_ERROR;
				CLANG_WARN_UNREACHABLE_CODE = YES;
				CLANG_WARN__DUPLICATE_METHOD_MATCH = YES;
				"CODE_SIGN_IDENTITY[sdk=iphoneos*]" = "iPhone Developer";
				COPY_PHASE_STRIP = NO;
				DEBUG_INFORMATION_FORMAT = "dwarf-with-dsym";
				ENABLE_NS_ASSERTIONS = NO;
				ENABLE_STRICT_OBJC_MSGSEND = YES;
				GCC_C_LANGUAGE_STANDARD = gnu99;
				GCC_NO_COMMON_BLOCKS = YES;
				GCC_WARN_64_TO_32_BIT_CONVERSION = YES;
				GCC_WARN_ABOUT_RETURN_TYPE = YES_ERROR;
				GCC_WARN_UNDECLARED_SELECTOR = YES;
				GCC_WARN_UNINITIALIZED_AUTOS = YES_AGGRESSIVE;
				GCC_WARN_UNUSED_FUNCTION = YES;
				GCC_WARN_UNUSED_VARIABLE = YES;
				IPHONEOS_DEPLOYMENT_TARGET = 9.3;
				MTL_ENABLE_DEBUG_INFO = NO;
				SDKROOT = iphoneos;
				VALIDATE_PRODUCT = YES;
			};
			name = Release;
		};
		6840F9B11D5AC61900C5BAD8 /* Debug */ = {
			isa = XCBuildConfiguration;
			buildSettings = {
				ASSETCATALOG_COMPILER_APPICON_NAME = AppIcon;
				INFOPLIST_FILE = SearchBar/Info.plist;
				LD_RUNPATH_SEARCH_PATHS = "$(inherited) @executable_path/Frameworks";
				PRODUCT_BUNDLE_IDENTIFIER = Codeliu.Fire.SearchBar;
				PRODUCT_NAME = "$(TARGET_NAME)";
			};
			name = Debug;
		};
		6840F9B21D5AC61900C5BAD8 /* Release */ = {
			isa = XCBuildConfiguration;
			buildSettings = {
				ASSETCATALOG_COMPILER_APPICON_NAME = AppIcon;
				INFOPLIST_FILE = SearchBar/Info.plist;
				LD_RUNPATH_SEARCH_PATHS = "$(inherited) @executable_path/Frameworks";
				PRODUCT_BUNDLE_IDENTIFIER = Codeliu.Fire.SearchBar;
				PRODUCT_NAME = "$(TARGET_NAME)";
			};
			name = Release;
		};
		6840F9B41D5AC61900C5BAD8 /* Debug */ = {
			isa = XCBuildConfiguration;
			buildSettings = {
				BUNDLE_LOADER = "$(TEST_HOST)";
				INFOPLIST_FILE = SearchBarTests/Info.plist;
				LD_RUNPATH_SEARCH_PATHS = "$(inherited) @executable_path/Frameworks @loader_path/Frameworks";
				PRODUCT_BUNDLE_IDENTIFIER = Codeliu.Fire.SearchBarTests;
				PRODUCT_NAME = "$(TARGET_NAME)";
				TEST_HOST = "$(BUILT_PRODUCTS_DIR)/SearchBar.app/SearchBar";
			};
			name = Debug;
		};
		6840F9B51D5AC61900C5BAD8 /* Release */ = {
			isa = XCBuildConfiguration;
			buildSettings = {
				BUNDLE_LOADER = "$(TEST_HOST)";
				INFOPLIST_FILE = SearchBarTests/Info.plist;
				LD_RUNPATH_SEARCH_PATHS = "$(inherited) @executable_path/Frameworks @loader_path/Frameworks";
				PRODUCT_BUNDLE_IDENTIFIER = Codeliu.Fire.SearchBarTests;
				PRODUCT_NAME = "$(TARGET_NAME)";
				TEST_HOST = "$(BUILT_PRODUCTS_DIR)/SearchBar.app/SearchBar";
			};
			name = Release;
		};
		6840F9B71D5AC61900C5BAD8 /* Debug */ = {
			isa = XCBuildConfiguration;
			buildSettings = {
				INFOPLIST_FILE = SearchBarUITests/Info.plist;
				LD_RUNPATH_SEARCH_PATHS = "$(inherited) @executable_path/Frameworks @loader_path/Frameworks";
				PRODUCT_BUNDLE_IDENTIFIER = Codeliu.Fire.SearchBarUITests;
				PRODUCT_NAME = "$(TARGET_NAME)";
				TEST_TARGET_NAME = SearchBar;
			};
			name = Debug;
		};
		6840F9B81D5AC61900C5BAD8 /* Release */ = {
			isa = XCBuildConfiguration;
			buildSettings = {
				INFOPLIST_FILE = SearchBarUITests/Info.plist;
				LD_RUNPATH_SEARCH_PATHS = "$(inherited) @executable_path/Frameworks @loader_path/Frameworks";
				PRODUCT_BUNDLE_IDENTIFIER = Codeliu.Fire.SearchBarUITests;
				PRODUCT_NAME = "$(TARGET_NAME)";
				TEST_TARGET_NAME = SearchBar;
			};
			name = Release;
		};
/* End XCBuildConfiguration section */

/* Begin XCConfigurationList section */
		6840F97E1D5AC61900C5BAD8 /* Build configuration list for PBXProject "SearchBar" */ = {
			isa = XCConfigurationList;
			buildConfigurations = (
				6840F9AE1D5AC61900C5BAD8 /* Debug */,
				6840F9AF1D5AC61900C5BAD8 /* Release */,
			);
			defaultConfigurationIsVisible = 0;
			defaultConfigurationName = Release;
		};
		6840F9B01D5AC61900C5BAD8 /* Build configuration list for PBXNativeTarget "SearchBar" */ = {
			isa = XCConfigurationList;
			buildConfigurations = (
				6840F9B11D5AC61900C5BAD8 /* Debug */,
				6840F9B21D5AC61900C5BAD8 /* Release */,
			);
			defaultConfigurationIsVisible = 0;
		};
		6840F9B31D5AC61900C5BAD8 /* Build configuration list for PBXNativeTarget "SearchBarTests" */ = {
			isa = XCConfigurationList;
			buildConfigurations = (
				6840F9B41D5AC61900C5BAD8 /* Debug */,
				6840F9B51D5AC61900C5BAD8 /* Release */,
			);
			defaultConfigurationIsVisible = 0;
		};
		6840F9B61D5AC61900C5BAD8 /* Build configuration list for PBXNativeTarget "SearchBarUITests" */ = {
			isa = XCConfigurationList;
			buildConfigurations = (
				6840F9B71D5AC61900C5BAD8 /* Debug */,
				6840F9B81D5AC61900C5BAD8 /* Release */,
			);
			defaultConfigurationIsVisible = 0;
		};
/* End XCConfigurationList section */
	};
	rootObject = 6840F97B1D5AC61900C5BAD8 /* Project object */;
}
